
Microsoft Visual Studio Solution File, Format Version 12.00
# Visual Studio Version 17
VisualStudioVersion = 17.1.32210.238
MinimumVisualStudioVersion = 10.0.40219.1
Project("{FAE04EC0-301F-11D3-BF4B-00C04F79EFBC}") = "tpmodul7_1302204054", "tpmodul7_1302204054.csproj", "{C2DD8CCF-17D1-4340-AC20-1EE49B03B5EB}"
EndProject
Global
	GlobalSection(SolutionConfigurationPlatforms) = preSolution
		Debug|Any CPU = Debug|Any CPU
		Release|Any CPU = Release|Any CPU
	EndGlobalSection
	GlobalSection(ProjectConfigurationPlatforms) = postSolution
		{C2DD8CCF-17D1-4340-AC20-1EE49B03B5EB}.Debug|Any CPU.ActiveCfg = Debug|Any CPU
		{C2DD8CCF-17D1-4340-AC20-1EE49B03B5EB}.Debug|Any CPU.Build.0 = Debug|Any CPU
		{C2DD8CCF-17D1-4340-AC20-1EE49B03B5EB}.Release|Any CPU.ActiveCfg = Release|Any CPU
		{C2DD8CCF-17D1-4340-AC20-1EE49B03B5EB}.Release|Any CPU.Build.0 = Release|Any CPU
	EndGlobalSection
	GlobalSection(SolutionProperties) = preSolution
		HideSolutionNode = FALSE
	EndGlobalSection
	GlobalSection(ExtensibilityGlobals) = postSolution
		SolutionGuid = {EA92E541-CA06-4B57-9AFB-4A78F4F285DF}
	EndGlobalSection
EndGlobal
